
Microsoft Visual Studio Solution File, Format Version 12.00
# Visual Studio 15
VisualStudioVersion = 15.0.28307.779
MinimumVisualStudioVersion = 10.0.40219.1
Project("{2150E333-8FDC-42A3-9474-1A3956D46DE8}") = "Solution Items", "Solution Items", "{80E1E308-41C8-449A-BB6C-28D73A09565D}"
	ProjectSection(SolutionItems) = preProject
		GridCell.cs = GridCell.cs
	EndProjectSection
EndProject
Global
	GlobalSection(SolutionProperties) = preSolution
		HideSolutionNode = FALSE
	EndGlobalSection
	GlobalSection(ExtensibilityGlobals) = postSolution
		SolutionGuid = {CF694F04-66F4-4F5B-BBFD-1EAC466D3744}
	EndGlobalSection
EndGlobal
